
Microsoft Visual Studio Solution File, Format Version 12.00
# Visual Studio Version 16
VisualStudioVersion = 16.0.29001.49
MinimumVisualStudioVersion = 10.0.40219.1
Project("{FAE04EC0-301F-11D3-BF4B-00C04F79EFBC}") = "Negocios", "Negocios\Negocios.csproj", "{6C62D339-89A3-467C-B849-0D72EB94661C}"
EndProject
Global
	GlobalSection(SolutionConfigurationPlatforms) = preSolution
		Debug|Any CPU = Debug|Any CPU
		Release|Any CPU = Release|Any CPU
	EndGlobalSection
	GlobalSection(ProjectConfigurationPlatforms) = postSolution
		{6C62D339-89A3-467C-B849-0D72EB94661C}.Debug|Any CPU.ActiveCfg = Debug|Any CPU
		{6C62D339-89A3-467C-B849-0D72EB94661C}.Debug|Any CPU.Build.0 = Debug|Any CPU
		{6C62D339-89A3-467C-B849-0D72EB94661C}.Release|Any CPU.ActiveCfg = Release|Any CPU
		{6C62D339-89A3-467C-B849-0D72EB94661C}.Release|Any CPU.Build.0 = Release|Any CPU
	EndGlobalSection
	GlobalSection(SolutionProperties) = preSolution
		HideSolutionNode = FALSE
	EndGlobalSection
	GlobalSection(ExtensibilityGlobals) = postSolution
		SolutionGuid = {48E63DA3-DADD-45EF-8CEC-38380C69907E}
	EndGlobalSection
EndGlobal
